// !$*UTF8*$!
{
	archiveVersion = 1;
	classes = {
	};
	objectVersion = 50;
	objects = {

/* Begin PBXBuildFile section */
		05CE596838B712EA18880157 /* Pods_leo.framework in Frameworks */ = {isa = PBXBuildFile; fileRef = 2302E267720766A6AD7357AC /* Pods_leo.framework */; };
		84320EB1208F3DB200DF3120 /* LeoTests.swift in Sources */ = {isa = PBXBuildFile; fileRef = 84320EB0208F3DB200DF3120 /* LeoTests.swift */; };
		84675108208F316000EAA534 /* AppDelegate.swift in Sources */ = {isa = PBXBuildFile; fileRef = 84675107208F316000EAA534 /* AppDelegate.swift */; };
		8467510A208F316000EAA534 /* ViewController.swift in Sources */ = {isa = PBXBuildFile; fileRef = 84675109208F316000EAA534 /* ViewController.swift */; };
		8467510D208F316000EAA534 /* Main.storyboard in Resources */ = {isa = PBXBuildFile; fileRef = 8467510B208F316000EAA534 /* Main.storyboard */; };
		8467510F208F316100EAA534 /* Assets.xcassets in Resources */ = {isa = PBXBuildFile; fileRef = 8467510E208F316100EAA534 /* Assets.xcassets */; };
		84675112208F316100EAA534 /* LaunchScreen.storyboard in Resources */ = {isa = PBXBuildFile; fileRef = 84675110208F316100EAA534 /* LaunchScreen.storyboard */; };
/* End PBXBuildFile section */

/* Begin PBXContainerItemProxy section */
		84320EB3208F3DB200DF3120 /* PBXContainerItemProxy */ = {
			isa = PBXContainerItemProxy;
			containerPortal = 846750FC208F316000EAA534 /* Project object */;
			proxyType = 1;
			remoteGlobalIDString = 84675103208F316000EAA534;
			remoteInfo = leo;
		};
/* End PBXContainerItemProxy section */

/* Begin PBXFileReference section */
		136374A3A77DCC654F9E6FED /* Pods-leo.release.xcconfig */ = {isa = PBXFileReference; includeInIndex = 1; lastKnownFileType = text.xcconfig; name = "Pods-leo.release.xcconfig"; path = "Pods/Target Support Files/Pods-leo/Pods-leo.release.xcconfig"; sourceTree = "<group>"; };
		2302E267720766A6AD7357AC /* Pods_leo.framework */ = {isa = PBXFileReference; explicitFileType = wrapper.framework; includeInIndex = 0; path = Pods_leo.framework; sourceTree = BUILT_PRODUCTS_DIR; };
		4221C99A4D9BE88C055A5B4F /* Pods-leo.debug.xcconfig */ = {isa = PBXFileReference; includeInIndex = 1; lastKnownFileType = text.xcconfig; name = "Pods-leo.debug.xcconfig"; path = "Pods/Target Support Files/Pods-leo/Pods-leo.debug.xcconfig"; sourceTree = "<group>"; };
		84320EAE208F3DB100DF3120 /* LeoTests.xctest */ = {isa = PBXFileReference; explicitFileType = wrapper.cfbundle; includeInIndex = 0; path = LeoTests.xctest; sourceTree = BUILT_PRODUCTS_DIR; };
		84320EB0208F3DB200DF3120 /* LeoTests.swift */ = {isa = PBXFileReference; lastKnownFileType = sourcecode.swift; path = LeoTests.swift; sourceTree = "<group>"; };
		84320EB2208F3DB200DF3120 /* Info.plist */ = {isa = PBXFileReference; lastKnownFileType = text.plist.xml; path = Info.plist; sourceTree = "<group>"; };
		84675104208F316000EAA534 /* leo.app */ = {isa = PBXFileReference; explicitFileType = wrapper.application; includeInIndex = 0; path = leo.app; sourceTree = BUILT_PRODUCTS_DIR; };
		84675107208F316000EAA534 /* AppDelegate.swift */ = {isa = PBXFileReference; lastKnownFileType = sourcecode.swift; path = AppDelegate.swift; sourceTree = "<group>"; };
		84675109208F316000EAA534 /* ViewController.swift */ = {isa = PBXFileReference; lastKnownFileType = sourcecode.swift; path = ViewController.swift; sourceTree = "<group>"; };
		8467510C208F316000EAA534 /* Base */ = {isa = PBXFileReference; lastKnownFileType = file.storyboard; name = Base; path = Base.lproj/Main.storyboard; sourceTree = "<group>"; };
		8467510E208F316100EAA534 /* Assets.xcassets */ = {isa = PBXFileReference; lastKnownFileType = folder.assetcatalog; path = Assets.xcassets; sourceTree = "<group>"; };
		84675111208F316100EAA534 /* Base */ = {isa = PBXFileReference; lastKnownFileType = file.storyboard; name = Base; path = Base.lproj/LaunchScreen.storyboard; sourceTree = "<group>"; };
		84675113208F316100EAA534 /* Info.plist */ = {isa = PBXFileReference; lastKnownFileType = text.plist.xml; path = Info.plist; sourceTree = "<group>"; };
/* End PBXFileReference section */

/* Begin PBXFrameworksBuildPhase section */
		84320EAB208F3DB100DF3120 /* Frameworks */ = {
			isa = PBXFrameworksBuildPhase;
			buildActionMask = 2147483647;
			files = (
			);
			runOnlyForDeploymentPostprocessing = 0;
		};
		84675101208F316000EAA534 /* Frameworks */ = {
			isa = PBXFrameworksBuildPhase;
			buildActionMask = 2147483647;
			files = (
				05CE596838B712EA18880157 /* Pods_leo.framework in Frameworks */,
			);
			runOnlyForDeploymentPostprocessing = 0;
		};
/* End PBXFrameworksBuildPhase section */

/* Begin PBXGroup section */
		4F03765CFFDC8236F8283A3B /* Frameworks */ = {
			isa = PBXGroup;
			children = (
				2302E267720766A6AD7357AC /* Pods_leo.framework */,
			);
			name = Frameworks;
			sourceTree = "<group>";
		};
		84320EAF208F3DB200DF3120 /* LeoTests */ = {
			isa = PBXGroup;
			children = (
				84320EB0208F3DB200DF3120 /* LeoTests.swift */,
				84320EB2208F3DB200DF3120 /* Info.plist */,
			);
			path = LeoTests;
			sourceTree = "<group>";
		};
		846750FB208F316000EAA534 = {
			isa = PBXGroup;
			children = (
				84675106208F316000EAA534 /* leo */,
				84320EAF208F3DB200DF3120 /* LeoTests */,
				84675105208F316000EAA534 /* Products */,
				DD8A74965E14198D9E138D19 /* Pods */,
				4F03765CFFDC8236F8283A3B /* Frameworks */,
			);
			sourceTree = "<group>";
		};
		84675105208F316000EAA534 /* Products */ = {
			isa = PBXGroup;
			children = (
				84675104208F316000EAA534 /* leo.app */,
				84320EAE208F3DB100DF3120 /* LeoTests.xctest */,
			);
			name = Products;
			sourceTree = "<group>";
		};
		84675106208F316000EAA534 /* leo */ = {
			isa = PBXGroup;
			children = (
				84675107208F316000EAA534 /* AppDelegate.swift */,
				84675109208F316000EAA534 /* ViewController.swift */,
				8467510B208F316000EAA534 /* Main.storyboard */,
				8467510E208F316100EAA534 /* Assets.xcassets */,
				84675110208F316100EAA534 /* LaunchScreen.storyboard */,
				84675113208F316100EAA534 /* Info.plist */,
			);
			path = leo;
			sourceTree = "<group>";
		};
		DD8A74965E14198D9E138D19 /* Pods */ = {
			isa = PBXGroup;
			children = (
				4221C99A4D9BE88C055A5B4F /* Pods-leo.debug.xcconfig */,
				136374A3A77DCC654F9E6FED /* Pods-leo.release.xcconfig */,
			);
			name = Pods;
			sourceTree = "<group>";
		};
/* End PBXGroup section */

/* Begin PBXNativeTarget section */
		84320EAD208F3DB100DF3120 /* LeoTests */ = {
			isa = PBXNativeTarget;
			buildConfigurationList = 84320EB7208F3DB200DF3120 /* Build configuration list for PBXNativeTarget "LeoTests" */;
			buildPhases = (
				84320EAA208F3DB100DF3120 /* Sources */,
				84320EAB208F3DB100DF3120 /* Frameworks */,
				84320EAC208F3DB100DF3120 /* Resources */,
			);
			buildRules = (
			);
			dependencies = (
				84320EB4208F3DB200DF3120 /* PBXTargetDependency */,
			);
			name = LeoTests;
			productName = LeoTests;
			productReference = 84320EAE208F3DB100DF3120 /* LeoTests.xctest */;
			productType = "com.apple.product-type.bundle.unit-test";
		};
		84675103208F316000EAA534 /* leo */ = {
			isa = PBXNativeTarget;
			buildConfigurationList = 84675116208F316100EAA534 /* Build configuration list for PBXNativeTarget "leo" */;
			buildPhases = (
				A931B4282EA0272BB4CD8B74 /* [CP] Check Pods Manifest.lock */,
				84675100208F316000EAA534 /* Sources */,
				84675101208F316000EAA534 /* Frameworks */,
				84675102208F316000EAA534 /* Resources */,
				202EF41E78B94ED3DB74F217 /* [CP] Embed Pods Frameworks */,
				E48C3FECB65A62FFD52B78AB /* [CP] Copy Pods Resources */,
			);
			buildRules = (
			);
			dependencies = (
			);
			name = leo;
			productName = leo;
			productReference = 84675104208F316000EAA534 /* leo.app */;
			productType = "com.apple.product-type.application";
		};
/* End PBXNativeTarget section */

/* Begin PBXProject section */
		846750FC208F316000EAA534 /* Project object */ = {
			isa = PBXProject;
			attributes = {
				LastSwiftUpdateCheck = 0930;
				LastUpgradeCheck = 0930;
				ORGANIZATIONNAME = iCapps;
				TargetAttributes = {
					84320EAD208F3DB100DF3120 = {
						CreatedOnToolsVersion = 9.3;
						TestTargetID = 84675103208F316000EAA534;
					};
					84675103208F316000EAA534 = {
						CreatedOnToolsVersion = 9.3;
					};
				};
			};
			buildConfigurationList = 846750FF208F316000EAA534 /* Build configuration list for PBXProject "leo" */;
			compatibilityVersion = "Xcode 9.3";
			developmentRegion = en;
			hasScannedForEncodings = 0;
			knownRegions = (
				en,
				Base,
			);
			mainGroup = 846750FB208F316000EAA534;
			productRefGroup = 84675105208F316000EAA534 /* Products */;
			projectDirPath = "";
			projectRoot = "";
			targets = (
				84675103208F316000EAA534 /* leo */,
				84320EAD208F3DB100DF3120 /* LeoTests */,
			);
		};
/* End PBXProject section */

/* Begin PBXResourcesBuildPhase section */
		84320EAC208F3DB100DF3120 /* Resources */ = {
			isa = PBXResourcesBuildPhase;
			buildActionMask = 2147483647;
			files = (
			);
			runOnlyForDeploymentPostprocessing = 0;
		};
		84675102208F316000EAA534 /* Resources */ = {
			isa = PBXResourcesBuildPhase;
			buildActionMask = 2147483647;
			files = (
				84675112208F316100EAA534 /* LaunchScreen.storyboard in Resources */,
				8467510F208F316100EAA534 /* Assets.xcassets in Resources */,
				8467510D208F316000EAA534 /* Main.storyboard in Resources */,
			);
			runOnlyForDeploymentPostprocessing = 0;
		};
/* End PBXResourcesBuildPhase section */

/* Begin PBXShellScriptBuildPhase section */
		202EF41E78B94ED3DB74F217 /* [CP] Embed Pods Frameworks */ = {
			isa = PBXShellScriptBuildPhase;
			buildActionMask = 2147483647;
			files = (
			);
			inputPaths = (
				"${SRCROOT}/Pods/Target Support Files/Pods-leo/Pods-leo-frameworks.sh",
				"${BUILT_PRODUCTS_DIR}/GoogleToolboxForMac/GoogleToolboxForMac.framework",
				"${BUILT_PRODUCTS_DIR}/nanopb/nanopb.framework",
			);
			name = "[CP] Embed Pods Frameworks";
			outputPaths = (
				"${TARGET_BUILD_DIR}/${FRAMEWORKS_FOLDER_PATH}/GoogleToolboxForMac.framework",
				"${TARGET_BUILD_DIR}/${FRAMEWORKS_FOLDER_PATH}/nanopb.framework",
			);
			runOnlyForDeploymentPostprocessing = 0;
			shellPath = /bin/sh;
			shellScript = "\"${SRCROOT}/Pods/Target Support Files/Pods-leo/Pods-leo-frameworks.sh\"\n";
			showEnvVarsInLog = 0;
		};
		A931B4282EA0272BB4CD8B74 /* [CP] Check Pods Manifest.lock */ = {
			isa = PBXShellScriptBuildPhase;
			buildActionMask = 2147483647;
			files = (
			);
			inputPaths = (
				"${PODS_PODFILE_DIR_PATH}/Podfile.lock",
				"${PODS_ROOT}/Manifest.lock",
			);
			name = "[CP] Check Pods Manifest.lock";
			outputPaths = (
				"$(DERIVED_FILE_DIR)/Pods-leo-checkManifestLockResult.txt",
			);
			runOnlyForDeploymentPostprocessing = 0;
			shellPath = /bin/sh;
			shellScript = "diff \"${PODS_PODFILE_DIR_PATH}/Podfile.lock\" \"${PODS_ROOT}/Manifest.lock\" > /dev/null\nif [ $? != 0 ] ; then\n    # print error to STDERR\n    echo \"error: The sandbox is not in sync with the Podfile.lock. Run 'pod install' or update your CocoaPods installation.\" >&2\n    exit 1\nfi\n# This output is used by Xcode 'outputs' to avoid re-running this script phase.\necho \"SUCCESS\" > \"${SCRIPT_OUTPUT_FILE_0}\"\n";
			showEnvVarsInLog = 0;
		};
		E48C3FECB65A62FFD52B78AB /* [CP] Copy Pods Resources */ = {
			isa = PBXShellScriptBuildPhase;
			buildActionMask = 2147483647;
			files = (
			);
			inputPaths = (
			);
			name = "[CP] Copy Pods Resources";
			outputPaths = (
			);
			runOnlyForDeploymentPostprocessing = 0;
			shellPath = /bin/sh;
			shellScript = "\"${SRCROOT}/Pods/Target Support Files/Pods-leo/Pods-leo-resources.sh\"\n";
			showEnvVarsInLog = 0;
		};
/* End PBXShellScriptBuildPhase section */

/* Begin PBXSourcesBuildPhase section */
		84320EAA208F3DB100DF3120 /* Sources */ = {
			isa = PBXSourcesBuildPhase;
			buildActionMask = 2147483647;
			files = (
				84320EB1208F3DB200DF3120 /* LeoTests.swift in Sources */,
			);
			runOnlyForDeploymentPostprocessing = 0;
		};
		84675100208F316000EAA534 /* Sources */ = {
			isa = PBXSourcesBuildPhase;
			buildActionMask = 2147483647;
			files = (
				8467510A208F316000EAA534 /* ViewController.swift in Sources */,
				84675108208F316000EAA534 /* AppDelegate.swift in Sources */,
			);
			runOnlyForDeploymentPostprocessing = 0;
		};
/* End PBXSourcesBuildPhase section */

/* Begin PBXTargetDependency section */
		84320EB4208F3DB200DF3120 /* PBXTargetDependency */ = {
			isa = PBXTargetDependency;
			target = 84675103208F316000EAA534 /* leo */;
			targetProxy = 84320EB3208F3DB200DF3120 /* PBXContainerItemProxy */;
		};
/* End PBXTargetDependency section */

/* Begin PBXVariantGroup section */
		8467510B208F316000EAA534 /* Main.storyboard */ = {
			isa = PBXVariantGroup;
			children = (
				8467510C208F316000EAA534 /* Base */,
			);
			name = Main.storyboard;
			sourceTree = "<group>";
		};
		84675110208F316100EAA534 /* LaunchScreen.storyboard */ = {
			isa = PBXVariantGroup;
			children = (
				84675111208F316100EAA534 /* Base */,
			);
			name = LaunchScreen.storyboard;
			sourceTree = "<group>";
		};
/* End PBXVariantGroup section */

/* Begin XCBuildConfiguration section */
		84320EB5208F3DB200DF3120 /* Debug */ = {
			isa = XCBuildConfiguration;
			buildSettings = {
				BUNDLE_LOADER = "$(TEST_HOST)";
				CODE_SIGN_STYLE = Automatic;
				DEVELOPMENT_TEAM = FAJTRUZ6J9;
				INFOPLIST_FILE = LeoTests/Info.plist;
				LD_RUNPATH_SEARCH_PATHS = (
					"$(inherited)",
					"@executable_path/Frameworks",
					"@loader_path/Frameworks",
				);
				PRODUCT_BUNDLE_IDENTIFIER = com.icapps.LeoTests;
				PRODUCT_NAME = "$(TARGET_NAME)";
				SWIFT_VERSION = 4.0;
				TARGETED_DEVICE_FAMILY = "1,2";
				TEST_HOST = "$(BUILT_PRODUCTS_DIR)/leo.app/leo";
			};
			name = Debug;
		};
		84320EB6208F3DB200DF3120 /* Release */ = {
			isa = XCBuildConfiguration;
			buildSettings = {
				BUNDLE_LOADER = "$(TEST_HOST)";
				CODE_SIGN_STYLE = Automatic;
				DEVELOPMENT_TEAM = FAJTRUZ6J9;
				INFOPLIST_FILE = LeoTests/Info.plist;
				LD_RUNPATH_SEARCH_PATHS = (
					"$(inherited)",
					"@executable_path/Frameworks",
					"@loader_path/Frameworks",
				);
				PRODUCT_BUNDLE_IDENTIFIER = com.icapps.LeoTests;
				PRODUCT_NAME = "$(TARGET_NAME)";
				SWIFT_VERSION = 4.0;
				TARGETED_DEVICE_FAMILY = "1,2";
				TEST_HOST = "$(BUILT_PRODUCTS_DIR)/leo.app/leo";
			};
			name = Release;
		};
		84675114208F316100EAA534 /* Debug */ = {
			isa = XCBuildConfiguration;
			buildSettings = {
				ALWAYS_SEARCH_USER_PATHS = NO;
				CLANG_ANALYZER_NONNULL = YES;
				CLANG_ANALYZER_NUMBER_OBJECT_CONVERSION = YES_AGGRESSIVE;
				CLANG_CXX_LANGUAGE_STANDARD = "gnu++14";
				CLANG_CXX_LIBRARY = "libc++";
				CLANG_ENABLE_MODULES = YES;
				CLANG_ENABLE_OBJC_ARC = YES;
				CLANG_ENABLE_OBJC_WEAK = YES;
				CLANG_WARN_BLOCK_CAPTURE_AUTORELEASING = YES;
				CLANG_WARN_BOOL_CONVERSION = YES;
				CLANG_WARN_COMMA = YES;
				CLANG_WARN_CONSTANT_CONVERSION = YES;
				CLANG_WARN_DEPRECATED_OBJC_IMPLEMENTATIONS = YES;
				CLANG_WARN_DIRECT_OBJC_ISA_USAGE = YES_ERROR;
				CLANG_WARN_DOCUMENTATION_COMMENTS = YES;
				CLANG_WARN_EMPTY_BODY = YES;
				CLANG_WARN_ENUM_CONVERSION = YES;
				CLANG_WARN_INFINITE_RECURSION = YES;
				CLANG_WARN_INT_CONVERSION = YES;
				CLANG_WARN_NON_LITERAL_NULL_CONVERSION = YES;
				CLANG_WARN_OBJC_IMPLICIT_RETAIN_SELF = YES;
				CLANG_WARN_OBJC_LITERAL_CONVERSION = YES;
				CLANG_WARN_OBJC_ROOT_CLASS = YES_ERROR;
				CLANG_WARN_RANGE_LOOP_ANALYSIS = YES;
				CLANG_WARN_STRICT_PROTOTYPES = YES;
				CLANG_WARN_SUSPICIOUS_MOVE = YES;
				CLANG_WARN_UNGUARDED_AVAILABILITY = YES_AGGRESSIVE;
				CLANG_WARN_UNREACHABLE_CODE = YES;
				CLANG_WARN__DUPLICATE_METHOD_MATCH = YES;
				CODE_SIGN_IDENTITY = "iPhone Developer";
				COPY_PHASE_STRIP = NO;
				CURRENT_PROJECT_VERSION = 2;
				DEBUG_INFORMATION_FORMAT = dwarf;
				ENABLE_STRICT_OBJC_MSGSEND = YES;
				ENABLE_TESTABILITY = YES;
				GCC_C_LANGUAGE_STANDARD = gnu11;
				GCC_DYNAMIC_NO_PIC = NO;
				GCC_NO_COMMON_BLOCKS = YES;
				GCC_OPTIMIZATION_LEVEL = 0;
				GCC_PREPROCESSOR_DEFINITIONS = (
					"DEBUG=1",
					"$(inherited)",
				);
				GCC_WARN_64_TO_32_BIT_CONVERSION = YES;
				GCC_WARN_ABOUT_RETURN_TYPE = YES_ERROR;
				GCC_WARN_UNDECLARED_SELECTOR = YES;
				GCC_WARN_UNINITIALIZED_AUTOS = YES_AGGRESSIVE;
				GCC_WARN_UNUSED_FUNCTION = YES;
				GCC_WARN_UNUSED_VARIABLE = YES;
				IPHONEOS_DEPLOYMENT_TARGET = 11.3;
				MTL_ENABLE_DEBUG_INFO = YES;
				ONLY_ACTIVE_ARCH = YES;
				SDKROOT = iphoneos;
				SWIFT_ACTIVE_COMPILATION_CONDITIONS = DEBUG;
				SWIFT_OPTIMIZATION_LEVEL = "-Onone";
			};
			name = Debug;
		};
		84675115208F316100EAA534 /* Release */ = {
			isa = XCBuildConfiguration;
			buildSettings = {
				ALWAYS_SEARCH_USER_PATHS = NO;
				CLANG_ANALYZER_NONNULL = YES;
				CLANG_ANALYZER_NUMBER_OBJECT_CONVERSION = YES_AGGRESSIVE;
				CLANG_CXX_LANGUAGE_STANDARD = "gnu++14";
				CLANG_CXX_LIBRARY = "libc++";
				CLANG_ENABLE_MODULES = YES;
				CLANG_ENABLE_OBJC_ARC = YES;
				CLANG_ENABLE_OBJC_WEAK = YES;
				CLANG_WARN_BLOCK_CAPTURE_AUTORELEASING = YES;
				CLANG_WARN_BOOL_CONVERSION = YES;
				CLANG_WARN_COMMA = YES;
				CLANG_WARN_CONSTANT_CONVERSION = YES;
				CLANG_WARN_DEPRECATED_OBJC_IMPLEMENTATIONS = YES;
				CLANG_WARN_DIRECT_OBJC_ISA_USAGE = YES_ERROR;
				CLANG_WARN_DOCUMENTATION_COMMENTS = YES;
				CLANG_WARN_EMPTY_BODY = YES;
				CLANG_WARN_ENUM_CONVERSION = YES;
				CLANG_WARN_INFINITE_RECURSION = YES;
				CLANG_WARN_INT_CONVERSION = YES;
				CLANG_WARN_NON_LITERAL_NULL_CONVERSION = YES;
				CLANG_WARN_OBJC_IMPLICIT_RETAIN_SELF = YES;
				CLANG_WARN_OBJC_LITERAL_CONVERSION = YES;
				CLANG_WARN_OBJC_ROOT_CLASS = YES_ERROR;
				CLANG_WARN_RANGE_LOOP_ANALYSIS = YES;
				CLANG_WARN_STRICT_PROTOTYPES = YES;
				CLANG_WARN_SUSPICIOUS_MOVE = YES;
				CLANG_WARN_UNGUARDED_AVAILABILITY = YES_AGGRESSIVE;
				CLANG_WARN_UNREACHABLE_CODE = YES;
				CLANG_WARN__DUPLICATE_METHOD_MATCH = YES;
				CODE_SIGN_IDENTITY = "iPhone Developer";
				COPY_PHASE_STRIP = NO;
				CURRENT_PROJECT_VERSION = 2;
				DEBUG_INFORMATION_FORMAT = "dwarf-with-dsym";
				ENABLE_NS_ASSERTIONS = NO;
				ENABLE_STRICT_OBJC_MSGSEND = YES;
				GCC_C_LANGUAGE_STANDARD = gnu11;
				GCC_NO_COMMON_BLOCKS = YES;
				GCC_WARN_64_TO_32_BIT_CONVERSION = YES;
				GCC_WARN_ABOUT_RETURN_TYPE = YES_ERROR;
				GCC_WARN_UNDECLARED_SELECTOR = YES;
				GCC_WARN_UNINITIALIZED_AUTOS = YES_AGGRESSIVE;
				GCC_WARN_UNUSED_FUNCTION = YES;
				GCC_WARN_UNUSED_VARIABLE = YES;
				IPHONEOS_DEPLOYMENT_TARGET = 11.3;
				MTL_ENABLE_DEBUG_INFO = NO;
				SDKROOT = iphoneos;
				SWIFT_COMPILATION_MODE = wholemodule;
				SWIFT_OPTIMIZATION_LEVEL = "-O";
				VALIDATE_PRODUCT = YES;
			};
			name = Release;
		};
		84675117208F316100EAA534 /* Debug */ = {
			isa = XCBuildConfiguration;
			baseConfigurationReference = 4221C99A4D9BE88C055A5B4F /* Pods-leo.debug.xcconfig */;
			buildSettings = {
				ASSETCATALOG_COMPILER_APPICON_NAME = AppIcon;
				CODE_SIGN_STYLE = Automatic;
				CURRENT_PROJECT_VERSION = 2;
				DEVELOPMENT_TEAM = FAJTRUZ6J9;
				INFOPLIST_FILE = leo/Info.plist;
				LD_RUNPATH_SEARCH_PATHS = (
					"$(inherited)",
					"@executable_path/Frameworks",
				);
				PRODUCT_BUNDLE_IDENTIFIER = com.icapps.leo;
				PRODUCT_NAME = "$(TARGET_NAME)";
				SWIFT_VERSION = 4.0;
				TARGETED_DEVICE_FAMILY = "1,2";
			};
			name = Debug;
		};
		84675118208F316100EAA534 /* Release */ = {
			isa = XCBuildConfiguration;
			baseConfigurationReference = 136374A3A77DCC654F9E6FED /* Pods-leo.release.xcconfig */;
			buildSettings = {
				ASSETCATALOG_COMPILER_APPICON_NAME = AppIcon;
				CODE_SIGN_STYLE = Automatic;
				CURRENT_PROJECT_VERSION = 2;
				DEVELOPMENT_TEAM = FAJTRUZ6J9;
				INFOPLIST_FILE = leo/Info.plist;
				LD_RUNPATH_SEARCH_PATHS = (
					"$(inherited)",
					"@executable_path/Frameworks",
				);
				PRODUCT_BUNDLE_IDENTIFIER = com.icapps.leo;
				PRODUCT_NAME = "$(TARGET_NAME)";
				SWIFT_VERSION = 4.0;
				TARGETED_DEVICE_FAMILY = "1,2";
			};
			name = Release;
		};
/* End XCBuildConfiguration section */

/* Begin XCConfigurationList section */
		84320EB7208F3DB200DF3120 /* Build configuration list for PBXNativeTarget "LeoTests" */ = {
			isa = XCConfigurationList;
			buildConfigurations = (
				84320EB5208F3DB200DF3120 /* Debug */,
				84320EB6208F3DB200DF3120 /* Release */,
			);
			defaultConfigurationIsVisible = 0;
			defaultConfigurationName = Release;
		};
		846750FF208F316000EAA534 /* Build configuration list for PBXProject "leo" */ = {
			isa = XCConfigurationList;
			buildConfigurations = (
				84675114208F316100EAA534 /* Debug */,
				84675115208F316100EAA534 /* Release */,
			);
			defaultConfigurationIsVisible = 0;
			defaultConfigurationName = Release;
		};
		84675116208F316100EAA534 /* Build configuration list for PBXNativeTarget "leo" */ = {
			isa = XCConfigurationList;
			buildConfigurations = (
				84675117208F316100EAA534 /* Debug */,
				84675118208F316100EAA534 /* Release */,
			);
			defaultConfigurationIsVisible = 0;
			defaultConfigurationName = Release;
		};
/* End XCConfigurationList section */
	};
	rootObject = 846750FC208F316000EAA534 /* Project object */;
}
